
Microsoft Visual Studio Solution File, Format Version 12.00
# Visual Studio 15
VisualStudioVersion = 15.0.28307.106
MinimumVisualStudioVersion = 10.0.40219.1
Project("{9A19103F-16F7-4668-BE54-9A1E7A4F7556}") = "IBANValidation", "IBANValidation\IBANValidation.csproj", "{0699DF00-C6AD-4B01-919F-BA2131F58D87}"
EndProject
Project("{FAE04EC0-301F-11D3-BF4B-00C04F79EFBC}") = "IBANValidation.UnitTests", "IBANValidation.UnitTests\IBANValidation.UnitTests.csproj", "{E5AFA6D9-2639-4D89-99E8-0C824253C64A}"
EndProject
Global
	GlobalSection(SolutionConfigurationPlatforms) = preSolution
		Debug|Any CPU = Debug|Any CPU
		Release|Any CPU = Release|Any CPU
	EndGlobalSection
	GlobalSection(ProjectConfigurationPlatforms) = postSolution
		{0699DF00-C6AD-4B01-919F-BA2131F58D87}.Debug|Any CPU.ActiveCfg = Debug|Any CPU
		{0699DF00-C6AD-4B01-919F-BA2131F58D87}.Debug|Any CPU.Build.0 = Debug|Any CPU
		{0699DF00-C6AD-4B01-919F-BA2131F58D87}.Release|Any CPU.ActiveCfg = Release|Any CPU
		{0699DF00-C6AD-4B01-919F-BA2131F58D87}.Release|Any CPU.Build.0 = Release|Any CPU
		{E5AFA6D9-2639-4D89-99E8-0C824253C64A}.Debug|Any CPU.ActiveCfg = Debug|Any CPU
		{E5AFA6D9-2639-4D89-99E8-0C824253C64A}.Debug|Any CPU.Build.0 = Debug|Any CPU
		{E5AFA6D9-2639-4D89-99E8-0C824253C64A}.Release|Any CPU.ActiveCfg = Release|Any CPU
		{E5AFA6D9-2639-4D89-99E8-0C824253C64A}.Release|Any CPU.Build.0 = Release|Any CPU
	EndGlobalSection
	GlobalSection(SolutionProperties) = preSolution
		HideSolutionNode = FALSE
	EndGlobalSection
	GlobalSection(ExtensibilityGlobals) = postSolution
		SolutionGuid = {242D2758-F0D7-40E3-8D8E-3756376B4E38}
	EndGlobalSection
EndGlobal
